
Microsoft Visual Studio Solution File, Format Version 12.00
# Visual Studio Version 16
VisualStudioVersion = 16.0.32602.291
MinimumVisualStudioVersion = 10.0.40219.1
Project("{FAE04EC0-301F-11D3-BF4B-00C04F79EFBC}") = "Unchecked_exception", "Unchecked_exception\Unchecked_exception.csproj", "{BBE36950-9F9D-4B1D-99B5-6511D965B50E}"
EndProject
Global
	GlobalSection(SolutionConfigurationPlatforms) = preSolution
		Debug|Any CPU = Debug|Any CPU
		Release|Any CPU = Release|Any CPU
	EndGlobalSection
	GlobalSection(ProjectConfigurationPlatforms) = postSolution
		{BBE36950-9F9D-4B1D-99B5-6511D965B50E}.Debug|Any CPU.ActiveCfg = Debug|Any CPU
		{BBE36950-9F9D-4B1D-99B5-6511D965B50E}.Debug|Any CPU.Build.0 = Debug|Any CPU
		{BBE36950-9F9D-4B1D-99B5-6511D965B50E}.Release|Any CPU.ActiveCfg = Release|Any CPU
		{BBE36950-9F9D-4B1D-99B5-6511D965B50E}.Release|Any CPU.Build.0 = Release|Any CPU
	EndGlobalSection
	GlobalSection(SolutionProperties) = preSolution
		HideSolutionNode = FALSE
	EndGlobalSection
	GlobalSection(ExtensibilityGlobals) = postSolution
		SolutionGuid = {01743FAB-03C9-482B-97F8-93E58452682B}
	EndGlobalSection
EndGlobal
